Microsoft Visual Studio Solution File, Format Version 12.00
# Visual Studio Version 17
VisualStudioVersion = 17.10.34916.146
MinimumVisualStudioVersion = 10.0.40219.1
Project("{FAE04EC0-301F-11D3-BF4B-00C04F79EFBC}") = "WindowsApplication167", "WindowsApplication167\WindowsApplication167.csproj", "{E12D45D6-4ECE-4D41-89BC-43B63249DFC9}"
EndProject
Global
	GlobalSection(SolutionConfigurationPlatforms) = preSolution
		Debug|Any CPU = Debug|Any CPU
		Release|Any CPU = Release|Any CPU
	EndGlobalSection
	GlobalSection(ProjectConfigurationPlatforms) = postSolution
		{E12D45D6-4ECE-4D41-89BC-43B63249DFC9}.Debug|Any CPU.ActiveCfg = Debug|Any CPU
		{E12D45D6-4ECE-4D41-89BC-43B63249DFC9}.Debug|Any CPU.Build.0 = Debug|Any CPU
		{E12D45D6-4ECE-4D41-89BC-43B63249DFC9}.Release|Any CPU.ActiveCfg = Release|Any CPU
		{E12D45D6-4ECE-4D41-89BC-43B63249DFC9}.Release|Any CPU.Build.0 = Release|Any CPU
	EndGlobalSection
	GlobalSection(SolutionProperties) = preSolution
		HideSolutionNode = FALSE
	EndGlobalSection
	GlobalSection(ExtensibilityGlobals) = postSolution
		SolutionGuid = {8606C851-82CE-4223-94D4-439155309402}
	EndGlobalSection
EndGlobal
